
Microsoft Visual Studio Solution File, Format Version 12.00
# Visual Studio 15
VisualStudioVersion = 15.0.28010.2048
MinimumVisualStudioVersion = 10.0.40219.1
Project("{9A19103F-16F7-4668-BE54-9A1E7A4F7556}") = "Serializers.Data.TestClient", "Serializers.Data.TestClient\Serializers.Data.TestClient.csproj", "{067AE940-0E16-49F0-B654-E0C1F0A91943}"
EndProject
Project("{FAE04EC0-301F-11D3-BF4B-00C04F79EFBC}") = "Serializers.Data", "Serializers.Data\Serializers.Data.csproj", "{989B43CA-92C8-4441-8A52-2E61F3809DD7}"
EndProject
Project("{FAE04EC0-301F-11D3-BF4B-00C04F79EFBC}") = "Serializers.Data.Test", "Serializers.Data.Test\Serializers.Data.Test.csproj", "{6B20070D-87C2-4A72-9AE5-8A240C9C3ACC}"
EndProject
Global
	GlobalSection(SolutionConfigurationPlatforms) = preSolution
		Debug|Any CPU = Debug|Any CPU
		Release|Any CPU = Release|Any CPU
	EndGlobalSection
	GlobalSection(ProjectConfigurationPlatforms) = postSolution
		{067AE940-0E16-49F0-B654-E0C1F0A91943}.Debug|Any CPU.ActiveCfg = Debug|Any CPU
		{067AE940-0E16-49F0-B654-E0C1F0A91943}.Debug|Any CPU.Build.0 = Debug|Any CPU
		{067AE940-0E16-49F0-B654-E0C1F0A91943}.Release|Any CPU.ActiveCfg = Release|Any CPU
		{067AE940-0E16-49F0-B654-E0C1F0A91943}.Release|Any CPU.Build.0 = Release|Any CPU
		{989B43CA-92C8-4441-8A52-2E61F3809DD7}.Debug|Any CPU.ActiveCfg = Debug|Any CPU
		{989B43CA-92C8-4441-8A52-2E61F3809DD7}.Debug|Any CPU.Build.0 = Debug|Any CPU
		{989B43CA-92C8-4441-8A52-2E61F3809DD7}.Release|Any CPU.ActiveCfg = Release|Any CPU
		{989B43CA-92C8-4441-8A52-2E61F3809DD7}.Release|Any CPU.Build.0 = Release|Any CPU
		{6B20070D-87C2-4A72-9AE5-8A240C9C3ACC}.Debug|Any CPU.ActiveCfg = Debug|Any CPU
		{6B20070D-87C2-4A72-9AE5-8A240C9C3ACC}.Debug|Any CPU.Build.0 = Debug|Any CPU
		{6B20070D-87C2-4A72-9AE5-8A240C9C3ACC}.Release|Any CPU.ActiveCfg = Release|Any CPU
		{6B20070D-87C2-4A72-9AE5-8A240C9C3ACC}.Release|Any CPU.Build.0 = Release|Any CPU
	EndGlobalSection
	GlobalSection(SolutionProperties) = preSolution
		HideSolutionNode = FALSE
	EndGlobalSection
	GlobalSection(ExtensibilityGlobals) = postSolution
		SolutionGuid = {84B4C7EA-B4D4-4DBD-9745-D825E94637CC}
	EndGlobalSection
EndGlobal
